// !$*UTF8*$!
{
	archiveVersion = 1;
	classes = {
	};
	objectVersion = 46;
	objects = {

/* Begin PBXBuildFile section */
		B7CC0F4919EE66E200E991D2 /* main.m in Sources */ = {isa = PBXBuildFile; fileRef = B7CC0F4819EE66E200E991D2 /* main.m */; };
		B7CC0F4C19EE66E200E991D2 /* AppDelegate.m in Sources */ = {isa = PBXBuildFile; fileRef = B7CC0F4B19EE66E200E991D2 /* AppDelegate.m */; };
		B7CC0F4F19EE66E200E991D2 /* ViewController.m in Sources */ = {isa = PBXBuildFile; fileRef = B7CC0F4E19EE66E200E991D2 /* ViewController.m */; };
		B7CC0F5219EE66E200E991D2 /* Main.storyboard in Resources */ = {isa = PBXBuildFile; fileRef = B7CC0F5019EE66E200E991D2 /* Main.storyboard */; };
		B7CC0F5419EE66E200E991D2 /* Images.xcassets in Resources */ = {isa = PBXBuildFile; fileRef = B7CC0F5319EE66E200E991D2 /* Images.xcassets */; };
		B7CC0F5719EE66E200E991D2 /* LaunchScreen.xib in Resources */ = {isa = PBXBuildFile; fileRef = B7CC0F5519EE66E200E991D2 /* LaunchScreen.xib */; };
		B7CC0F6319EE66E200E991D2 /* GemsOpsworksTests.m in Sources */ = {isa = PBXBuildFile; fileRef = B7CC0F6219EE66E200E991D2 /* GemsOpsworksTests.m */; };
/* End PBXBuildFile section */

/* Begin PBXContainerItemProxy section */
		B7CC0F5D19EE66E200E991D2 /* PBXContainerItemProxy */ = {
			isa = PBXContainerItemProxy;
			containerPortal = B7CC0F3B19EE66E200E991D2 /* Project object */;
			proxyType = 1;
			remoteGlobalIDString = B7CC0F4219EE66E200E991D2;
			remoteInfo = GemsOpsworks;
		};
/* End PBXContainerItemProxy section */

/* Begin PBXFileReference section */
		B7CC0F4319EE66E200E991D2 /* GemsOpsworks.app */ = {isa = PBXFileReference; explicitFileType = wrapper.application; includeInIndex = 0; path = GemsOpsworks.app; sourceTree = BUILT_PRODUCTS_DIR; };
		B7CC0F4719EE66E200E991D2 /* Info.plist */ = {isa = PBXFileReference; lastKnownFileType = text.plist.xml; path = Info.plist; sourceTree = "<group>"; };
		B7CC0F4819EE66E200E991D2 /* main.m */ = {isa = PBXFileReference; lastKnownFileType = sourcecode.c.objc; path = main.m; sourceTree = "<group>"; };
		B7CC0F4A19EE66E200E991D2 /* AppDelegate.h */ = {isa = PBXFileReference; lastKnownFileType = sourcecode.c.h; path = AppDelegate.h; sourceTree = "<group>"; };
		B7CC0F4B19EE66E200E991D2 /* AppDelegate.m */ = {isa = PBXFileReference; lastKnownFileType = sourcecode.c.objc; path = AppDelegate.m; sourceTree = "<group>"; };
		B7CC0F4D19EE66E200E991D2 /* ViewController.h */ = {isa = PBXFileReference; lastKnownFileType = sourcecode.c.h; path = ViewController.h; sourceTree = "<group>"; };
		B7CC0F4E19EE66E200E991D2 /* ViewController.m */ = {isa = PBXFileReference; lastKnownFileType = sourcecode.c.objc; path = ViewController.m; sourceTree = "<group>"; };
		B7CC0F5119EE66E200E991D2 /* Base */ = {isa = PBXFileReference; lastKnownFileType = file.storyboard; name = Base; path = Base.lproj/Main.storyboard; sourceTree = "<group>"; };
		B7CC0F5319EE66E200E991D2 /* Images.xcassets */ = {isa = PBXFileReference; lastKnownFileType = folder.assetcatalog; path = Images.xcassets; sourceTree = "<group>"; };
		B7CC0F5619EE66E200E991D2 /* Base */ = {isa = PBXFileReference; lastKnownFileType = file.xib; name = Base; path = Base.lproj/LaunchScreen.xib; sourceTree = "<group>"; };
		B7CC0F5C19EE66E200E991D2 /* GemsOpsworksTests.xctest */ = {isa = PBXFileReference; explicitFileType = wrapper.cfbundle; includeInIndex = 0; path = GemsOpsworksTests.xctest; sourceTree = BUILT_PRODUCTS_DIR; };
		B7CC0F6119EE66E200E991D2 /* Info.plist */ = {isa = PBXFileReference; lastKnownFileType = text.plist.xml; path = Info.plist; sourceTree = "<group>"; };
		B7CC0F6219EE66E200E991D2 /* GemsOpsworksTests.m */ = {isa = PBXFileReference; lastKnownFileType = sourcecode.c.objc; path = GemsOpsworksTests.m; sourceTree = "<group>"; };
/* End PBXFileReference section */

/* Begin PBXFrameworksBuildPhase section */
		B7CC0F4019EE66E200E991D2 /* Frameworks */ = {
			isa = PBXFrameworksBuildPhase;
			buildActionMask = 2147483647;
			files = (
			);
			runOnlyForDeploymentPostprocessing = 0;
		};
		B7CC0F5919EE66E200E991D2 /* Frameworks */ = {
			isa = PBXFrameworksBuildPhase;
			buildActionMask = 2147483647;
			files = (
			);
			runOnlyForDeploymentPostprocessing = 0;
		};
/* End PBXFrameworksBuildPhase section */

/* Begin PBXGroup section */
		B7CC0F3A19EE66E200E991D2 = {
			isa = PBXGroup;
			children = (
				B7CC0F4519EE66E200E991D2 /* GemsOpsworks */,
				B7CC0F5F19EE66E200E991D2 /* GemsOpsworksTests */,
				B7CC0F4419EE66E200E991D2 /* Products */,
			);
			sourceTree = "<group>";
		};
		B7CC0F4419EE66E200E991D2 /* Products */ = {
			isa = PBXGroup;
			children = (
				B7CC0F4319EE66E200E991D2 /* GemsOpsworks.app */,
				B7CC0F5C19EE66E200E991D2 /* GemsOpsworksTests.xctest */,
			);
			name = Products;
			sourceTree = "<group>";
		};
		B7CC0F4519EE66E200E991D2 /* GemsOpsworks */ = {
			isa = PBXGroup;
			children = (
				B7CC0F4A19EE66E200E991D2 /* AppDelegate.h */,
				B7CC0F4B19EE66E200E991D2 /* AppDelegate.m */,
				B7CC0F4D19EE66E200E991D2 /* ViewController.h */,
				B7CC0F4E19EE66E200E991D2 /* ViewController.m */,
				B7CC0F5019EE66E200E991D2 /* Main.storyboard */,
				B7CC0F5319EE66E200E991D2 /* Images.xcassets */,
				B7CC0F5519EE66E200E991D2 /* LaunchScreen.xib */,
				B7CC0F4619EE66E200E991D2 /* Supporting Files */,
			);
			path = GemsOpsworks;
			sourceTree = "<group>";
		};
		B7CC0F4619EE66E200E991D2 /* Supporting Files */ = {
			isa = PBXGroup;
			children = (
				B7CC0F4719EE66E200E991D2 /* Info.plist */,
				B7CC0F4819EE66E200E991D2 /* main.m */,
			);
			name = "Supporting Files";
			sourceTree = "<group>";
		};
		B7CC0F5F19EE66E200E991D2 /* GemsOpsworksTests */ = {
			isa = PBXGroup;
			children = (
				B7CC0F6219EE66E200E991D2 /* GemsOpsworksTests.m */,
				B7CC0F6019EE66E200E991D2 /* Supporting Files */,
			);
			path = GemsOpsworksTests;
			sourceTree = "<group>";
		};
		B7CC0F6019EE66E200E991D2 /* Supporting Files */ = {
			isa = PBXGroup;
			children = (
				B7CC0F6119EE66E200E991D2 /* Info.plist */,
			);
			name = "Supporting Files";
			sourceTree = "<group>";
		};
/* End PBXGroup section */

/* Begin PBXNativeTarget section */
		B7CC0F4219EE66E200E991D2 /* GemsOpsworks */ = {
			isa = PBXNativeTarget;
			buildConfigurationList = B7CC0F6619EE66E200E991D2 /* Build configuration list for PBXNativeTarget "GemsOpsworks" */;
			buildPhases = (
				B7CC0F3F19EE66E200E991D2 /* Sources */,
				B7CC0F4019EE66E200E991D2 /* Frameworks */,
				B7CC0F4119EE66E200E991D2 /* Resources */,
			);
			buildRules = (
			);
			dependencies = (
			);
			name = GemsOpsworks;
			productName = GemsOpsworks;
			productReference = B7CC0F4319EE66E200E991D2 /* GemsOpsworks.app */;
			productType = "com.apple.product-type.application";
		};
		B7CC0F5B19EE66E200E991D2 /* GemsOpsworksTests */ = {
			isa = PBXNativeTarget;
			buildConfigurationList = B7CC0F6919EE66E200E991D2 /* Build configuration list for PBXNativeTarget "GemsOpsworksTests" */;
			buildPhases = (
				B7CC0F5819EE66E200E991D2 /* Sources */,
				B7CC0F5919EE66E200E991D2 /* Frameworks */,
				B7CC0F5A19EE66E200E991D2 /* Resources */,
			);
			buildRules = (
			);
			dependencies = (
				B7CC0F5E19EE66E200E991D2 /* PBXTargetDependency */,
			);
			name = GemsOpsworksTests;
			productName = GemsOpsworksTests;
			productReference = B7CC0F5C19EE66E200E991D2 /* GemsOpsworksTests.xctest */;
			productType = "com.apple.product-type.bundle.unit-test";
		};
/* End PBXNativeTarget section */

/* Begin PBXProject section */
		B7CC0F3B19EE66E200E991D2 /* Project object */ = {
			isa = PBXProject;
			attributes = {
				LastUpgradeCheck = 0600;
				ORGANIZATIONNAME = Louise;
				TargetAttributes = {
					B7CC0F4219EE66E200E991D2 = {
						CreatedOnToolsVersion = 6.0;
					};
					B7CC0F5B19EE66E200E991D2 = {
						CreatedOnToolsVersion = 6.0;
						TestTargetID = B7CC0F4219EE66E200E991D2;
					};
				};
			};
			buildConfigurationList = B7CC0F3E19EE66E200E991D2 /* Build configuration list for PBXProject "GemsOpsworks" */;
			compatibilityVersion = "Xcode 3.2";
			developmentRegion = English;
			hasScannedForEncodings = 0;
			knownRegions = (
				en,
				Base,
			);
			mainGroup = B7CC0F3A19EE66E200E991D2;
			productRefGroup = B7CC0F4419EE66E200E991D2 /* Products */;
			projectDirPath = "";
			projectRoot = "";
			targets = (
				B7CC0F4219EE66E200E991D2 /* GemsOpsworks */,
				B7CC0F5B19EE66E200E991D2 /* GemsOpsworksTests */,
			);
		};
/* End PBXProject section */

/* Begin PBXResourcesBuildPhase section */
		B7CC0F4119EE66E200E991D2 /* Resources */ = {
			isa = PBXResourcesBuildPhase;
			buildActionMask = 2147483647;
			files = (
				B7CC0F5219EE66E200E991D2 /* Main.storyboard in Resources */,
				B7CC0F5719EE66E200E991D2 /* LaunchScreen.xib in Resources */,
				B7CC0F5419EE66E200E991D2 /* Images.xcassets in Resources */,
			);
			runOnlyForDeploymentPostprocessing = 0;
		};
		B7CC0F5A19EE66E200E991D2 /* Resources */ = {
			isa = PBXResourcesBuildPhase;
			buildActionMask = 2147483647;
			files = (
			);
			runOnlyForDeploymentPostprocessing = 0;
		};
/* End PBXResourcesBuildPhase section */

/* Begin PBXSourcesBuildPhase section */
		B7CC0F3F19EE66E200E991D2 /* Sources */ = {
			isa = PBXSourcesBuildPhase;
			buildActionMask = 2147483647;
			files = (
				B7CC0F4F19EE66E200E991D2 /* ViewController.m in Sources */,
				B7CC0F4C19EE66E200E991D2 /* AppDelegate.m in Sources */,
				B7CC0F4919EE66E200E991D2 /* main.m in Sources */,
			);
			runOnlyForDeploymentPostprocessing = 0;
		};
		B7CC0F5819EE66E200E991D2 /* Sources */ = {
			isa = PBXSourcesBuildPhase;
			buildActionMask = 2147483647;
			files = (
				B7CC0F6319EE66E200E991D2 /* GemsOpsworksTests.m in Sources */,
			);
			runOnlyForDeploymentPostprocessing = 0;
		};
/* End PBXSourcesBuildPhase section */

/* Begin PBXTargetDependency section */
		B7CC0F5E19EE66E200E991D2 /* PBXTargetDependency */ = {
			isa = PBXTargetDependency;
			target = B7CC0F4219EE66E200E991D2 /* GemsOpsworks */;
			targetProxy = B7CC0F5D19EE66E200E991D2 /* PBXContainerItemProxy */;
		};
/* End PBXTargetDependency section */

/* Begin PBXVariantGroup section */
		B7CC0F5019EE66E200E991D2 /* Main.storyboard */ = {
			isa = PBXVariantGroup;
			children = (
				B7CC0F5119EE66E200E991D2 /* Base */,
			);
			name = Main.storyboard;
			sourceTree = "<group>";
		};
		B7CC0F5519EE66E200E991D2 /* LaunchScreen.xib */ = {
			isa = PBXVariantGroup;
			children = (
				B7CC0F5619EE66E200E991D2 /* Base */,
			);
			name = LaunchScreen.xib;
			sourceTree = "<group>";
		};
/* End PBXVariantGroup section */

/* Begin XCBuildConfiguration section */
		B7CC0F6419EE66E200E991D2 /* Debug */ = {
			isa = XCBuildConfiguration;
			buildSettings = {
				ALWAYS_SEARCH_USER_PATHS = NO;
				CLANG_CXX_LANGUAGE_STANDARD = "gnu++0x";
				CLANG_CXX_LIBRARY = "libc++";
				CLANG_ENABLE_MODULES = YES;
				CLANG_ENABLE_OBJC_ARC = YES;
				CLANG_WARN_BOOL_CONVERSION = YES;
				CLANG_WARN_CONSTANT_CONVERSION = YES;
				CLANG_WARN_DIRECT_OBJC_ISA_USAGE = YES_ERROR;
				CLANG_WARN_EMPTY_BODY = YES;
				CLANG_WARN_ENUM_CONVERSION = YES;
				CLANG_WARN_INT_CONVERSION = YES;
				CLANG_WARN_OBJC_ROOT_CLASS = YES_ERROR;
				CLANG_WARN_UNREACHABLE_CODE = YES;
				CLANG_WARN__DUPLICATE_METHOD_MATCH = YES;
				"CODE_SIGN_IDENTITY[sdk=iphoneos*]" = "iPhone Developer";
				COPY_PHASE_STRIP = NO;
				ENABLE_STRICT_OBJC_MSGSEND = YES;
				GCC_C_LANGUAGE_STANDARD = gnu99;
				GCC_DYNAMIC_NO_PIC = NO;
				GCC_OPTIMIZATION_LEVEL = 0;
				GCC_PREPROCESSOR_DEFINITIONS = (
					"DEBUG=1",
					"$(inherited)",
				);
				GCC_SYMBOLS_PRIVATE_EXTERN = NO;
				GCC_WARN_64_TO_32_BIT_CONVERSION = YES;
				GCC_WARN_ABOUT_RETURN_TYPE = YES_ERROR;
				GCC_WARN_UNDECLARED_SELECTOR = YES;
				GCC_WARN_UNINITIALIZED_AUTOS = YES_AGGRESSIVE;
				GCC_WARN_UNUSED_FUNCTION = YES;
				GCC_WARN_UNUSED_VARIABLE = YES;
				IPHONEOS_DEPLOYMENT_TARGET = 8.0;
				MTL_ENABLE_DEBUG_INFO = YES;
				ONLY_ACTIVE_ARCH = YES;
				SDKROOT = iphoneos;
			};
			name = Debug;
		};
		B7CC0F6519EE66E200E991D2 /* Release */ = {
			isa = XCBuildConfiguration;
			buildSettings = {
				ALWAYS_SEARCH_USER_PATHS = NO;
				CLANG_CXX_LANGUAGE_STANDARD = "gnu++0x";
				CLANG_CXX_LIBRARY = "libc++";
				CLANG_ENABLE_MODULES = YES;
				CLANG_ENABLE_OBJC_ARC = YES;
				CLANG_WARN_BOOL_CONVERSION = YES;
				CLANG_WARN_CONSTANT_CONVERSION = YES;
				CLANG_WARN_DIRECT_OBJC_ISA_USAGE = YES_ERROR;
				CLANG_WARN_EMPTY_BODY = YES;
				CLANG_WARN_ENUM_CONVERSION = YES;
				CLANG_WARN_INT_CONVERSION = YES;
				CLANG_WARN_OBJC_ROOT_CLASS = YES_ERROR;
				CLANG_WARN_UNREACHABLE_CODE = YES;
				CLANG_WARN__DUPLICATE_METHOD_MATCH = YES;
				"CODE_SIGN_IDENTITY[sdk=iphoneos*]" = "iPhone Developer";
				COPY_PHASE_STRIP = YES;
				ENABLE_NS_ASSERTIONS = NO;
				ENABLE_STRICT_OBJC_MSGSEND = YES;
				GCC_C_LANGUAGE_STANDARD = gnu99;
				GCC_WARN_64_TO_32_BIT_CONVERSION = YES;
				GCC_WARN_ABOUT_RETURN_TYPE = YES_ERROR;
				GCC_WARN_UNDECLARED_SELECTOR = YES;
				GCC_WARN_UNINITIALIZED_AUTOS = YES_AGGRESSIVE;
				GCC_WARN_UNUSED_FUNCTION = YES;
				GCC_WARN_UNUSED_VARIABLE = YES;
				IPHONEOS_DEPLOYMENT_TARGET = 8.0;
				MTL_ENABLE_DEBUG_INFO = NO;
				SDKROOT = iphoneos;
				VALIDATE_PRODUCT = YES;
			};
			name = Release;
		};
		B7CC0F6719EE66E200E991D2 /* Debug */ = {
			isa = XCBuildConfiguration;
			buildSettings = {
				ASSETCATALOG_COMPILER_APPICON_NAME = AppIcon;
				CODE_SIGN_IDENTITY = "iPhone Developer: Louise Nicolas Namoc (97LV3U9427)";
				GCC_PREPROCESSOR_DEFINITIONS = (
					"USE_SETTINGS_LINK=$(URLLINK)",
					"$(inherited)",
					"DEBUG=1",
				);
				GCC_PREPROCESSOR_DEFINITIONS_NOT_USED_IN_PRECOMPS = "";
				INFOPLIST_FILE = GemsOpsworks/Info.plist;
				LD_RUNPATH_SEARCH_PATHS = "$(inherited) @executable_path/Frameworks";
				PRODUCT_NAME = "$(TARGET_NAME)";
				PROVISIONING_PROFILE = "285b7039-9562-4664-b295-cff2b1b158a0";
				URLLINK = "http://gems-dev-1048623736.ap-southeast-2.elb.amazonaws.com/";
			};
			name = Debug;
		};
		B7CC0F6819EE66E200E991D2 /* Release */ = {
			isa = XCBuildConfiguration;
			buildSettings = {
				ASSETCATALOG_COMPILER_APPICON_NAME = AppIcon;
				CODE_SIGN_IDENTITY = "iPhone Developer: Louise Nicolas Namoc (97LV3U9427)";
				GCC_PREPROCESSOR_DEFINITIONS = (
					"USE_SETTINGS_LINK=$(URLLINK)",
					"$(inherited)",
					"DEBUG=1",
				);
				GCC_PREPROCESSOR_DEFINITIONS_NOT_USED_IN_PRECOMPS = "";
				INFOPLIST_FILE = GemsOpsworks/Info.plist;
				LD_RUNPATH_SEARCH_PATHS = "$(inherited) @executable_path/Frameworks";
				PRODUCT_NAME = "$(TARGET_NAME)";
				PROVISIONING_PROFILE = "285b7039-9562-4664-b295-cff2b1b158a0";
				URLLINK = "http://gems-dev-1048623736.ap-southeast-2.elb.amazonaws.com/";
			};
			name = Release;
		};
		B7CC0F6A19EE66E200E991D2 /* Debug */ = {
			isa = XCBuildConfiguration;
			buildSettings = {
				BUNDLE_LOADER = "$(TEST_HOST)";
				FRAMEWORK_SEARCH_PATHS = (
					"$(SDKROOT)/Developer/Library/Frameworks",
					"$(inherited)",
				);
				GCC_PREPROCESSOR_DEFINITIONS = (
					"DEBUG=1",
					"$(inherited)",
				);
				INFOPLIST_FILE = GemsOpsworksTests/Info.plist;
				LD_RUNPATH_SEARCH_PATHS = "$(inherited) @executable_path/Frameworks @loader_path/Frameworks";
				PRODUCT_NAME = "$(TARGET_NAME)";
				TEST_HOST = "$(BUILT_PRODUCTS_DIR)/GemsOpsworks.app/GemsOpsworks";
			};
			name = Debug;
		};
		B7CC0F6B19EE66E200E991D2 /* Release */ = {
			isa = XCBuildConfiguration;
			buildSettings = {
				BUNDLE_LOADER = "$(TEST_HOST)";
				FRAMEWORK_SEARCH_PATHS = (
					"$(SDKROOT)/Developer/Library/Frameworks",
					"$(inherited)",
				);
				INFOPLIST_FILE = GemsOpsworksTests/Info.plist;
				LD_RUNPATH_SEARCH_PATHS = "$(inherited) @executable_path/Frameworks @loader_path/Frameworks";
				PRODUCT_NAME = "$(TARGET_NAME)";
				TEST_HOST = "$(BUILT_PRODUCTS_DIR)/GemsOpsworks.app/GemsOpsworks";
			};
			name = Release;
		};
/* End XCBuildConfiguration section */

/* Begin XCConfigurationList section */
		B7CC0F3E19EE66E200E991D2 /* Build configuration list for PBXProject "GemsOpsworks" */ = {
			isa = XCConfigurationList;
			buildConfigurations = (
				B7CC0F6419EE66E200E991D2 /* Debug */,
				B7CC0F6519EE66E200E991D2 /* Release */,
			);
			defaultConfigurationIsVisible = 0;
			defaultConfigurationName = Release;
		};
		B7CC0F6619EE66E200E991D2 /* Build configuration list for PBXNativeTarget "GemsOpsworks" */ = {
			isa = XCConfigurationList;
			buildConfigurations = (
				B7CC0F6719EE66E200E991D2 /* Debug */,
				B7CC0F6819EE66E200E991D2 /* Release */,
			);
			defaultConfigurationIsVisible = 0;
		};
		B7CC0F6919EE66E200E991D2 /* Build configuration list for PBXNativeTarget "GemsOpsworksTests" */ = {
			isa = XCConfigurationList;
			buildConfigurations = (
				B7CC0F6A19EE66E200E991D2 /* Debug */,
				B7CC0F6B19EE66E200E991D2 /* Release */,
			);
			defaultConfigurationIsVisible = 0;
		};
/* End XCConfigurationList section */
	};
	rootObject = B7CC0F3B19EE66E200E991D2 /* Project object */;
}
